
Microsoft Visual Studio Solution File, Format Version 12.00
# Visual Studio Version 17
VisualStudioVersion = 17.4.33122.133
MinimumVisualStudioVersion = 10.0.40219.1
Project("{FAE04EC0-301F-11D3-BF4B-00C04F79EFBC}") = "finalgeneric", "finalgeneric\finalgeneric.csproj", "{C8D73E39-4E41-47A7-A6DA-CBAE396C9E84}"
EndProject
Global
	GlobalSection(SolutionConfigurationPlatforms) = preSolution
		Debug|Any CPU = Debug|Any CPU
		Release|Any CPU = Release|Any CPU
	EndGlobalSection
	GlobalSection(ProjectConfigurationPlatforms) = postSolution
		{C8D73E39-4E41-47A7-A6DA-CBAE396C9E84}.Debug|Any CPU.ActiveCfg = Debug|Any CPU
		{C8D73E39-4E41-47A7-A6DA-CBAE396C9E84}.Debug|Any CPU.Build.0 = Debug|Any CPU
		{C8D73E39-4E41-47A7-A6DA-CBAE396C9E84}.Release|Any CPU.ActiveCfg = Release|Any CPU
		{C8D73E39-4E41-47A7-A6DA-CBAE396C9E84}.Release|Any CPU.Build.0 = Release|Any CPU
	EndGlobalSection
	GlobalSection(SolutionProperties) = preSolution
		HideSolutionNode = FALSE
	EndGlobalSection
	GlobalSection(ExtensibilityGlobals) = postSolution
		SolutionGuid = {0E1188E4-C5DF-4BEC-A67F-DB74E6B1DEE9}
	EndGlobalSection
EndGlobal
